github.com/shivamMg/ppds v0.0.1 h1:idK2dpaen652zOO+OmcwmyoPNncBNqfHjF/14eS5JIk=
github.com/shivamMg/ppds v0.0.1/go.mod h1:hb39VqUO6qfkb9zBBQPTIV1vWBtI7yQsG0wr3pN78fM=
github.com/shivamMg/trie v0.0.1 h1:WMxhzp4zYXWiO28l8/IfXvU2qvo+YfJp5kOnmE4dWcQ=
github.com/shivamMg/trie v0.0.1/go.mod h1:v1IXT5cQe1ECqbKpvD6v+BSEXIt6Is0iLbRZoA7BTDc=
golang.org/x/text v0.23.0 h1:D71I7dUrlY+VX0gQShAThNGHFxZ13dGLBHQLVl1mJlY=
golang.org/x/text v0.23.0/go.mod h1:/BLNzu4aZCJ1+kcD0DNRotWKage4q2rGVAg4o22unh4=
